// !$*UTF8*$!
{
	archiveVersion = 1;
	classes = {
	};
	objectVersion = 48;
	objects = {

/* Begin PBXBuildFile section */
		6002828E1FBD7655007F33B6 /* AppDelegate.m in Sources */ = {isa = PBXBuildFile; fileRef = 6002828D1FBD7655007F33B6 /* AppDelegate.m */; };
		600282911FBD7655007F33B6 /* ViewController.m in Sources */ = {isa = PBXBuildFile; fileRef = 600282901FBD7655007F33B6 /* ViewController.m */; };
		600282941FBD7655007F33B6 /* Main.storyboard in Resources */ = {isa = PBXBuildFile; fileRef = 600282921FBD7655007F33B6 /* Main.storyboard */; };
		600282961FBD7655007F33B6 /* Assets.xcassets in Resources */ = {isa = PBXBuildFile; fileRef = 600282951FBD7655007F33B6 /* Assets.xcassets */; };
		600282991FBD7655007F33B6 /* LaunchScreen.storyboard in Resources */ = {isa = PBXBuildFile; fileRef = 600282971FBD7655007F33B6 /* LaunchScreen.storyboard */; };
		6002829C1FBD7655007F33B6 /* main.m in Sources */ = {isa = PBXBuildFile; fileRef = 6002829B1FBD7655007F33B6 /* main.m */; };
		B4A0BA00F9E6C9EB7808C8B5 /* libPods-DownloadImagesMultithreading.a in Frameworks */ = {isa = PBXBuildFile; fileRef = BEE76B92DCF4FEBC5A9281F5 /* libPods-DownloadImagesMultithreading.a */; };
/* End PBXBuildFile section */

/* Begin PBXFileReference section */
		35DDEB31221E93BB4D0BF28A /* Pods-DownloadImagesMultithreading.debug.xcconfig */ = {isa = PBXFileReference; includeInIndex = 1; lastKnownFileType = text.xcconfig; name = "Pods-DownloadImagesMultithreading.debug.xcconfig"; path = "Pods/Target Support Files/Pods-DownloadImagesMultithreading/Pods-DownloadImagesMultithreading.debug.xcconfig"; sourceTree = "<group>"; };
		600282891FBD7655007F33B6 /* DownloadImagesMultithreading.app */ = {isa = PBXFileReference; explicitFileType = wrapper.application; includeInIndex = 0; path = DownloadImagesMultithreading.app; sourceTree = BUILT_PRODUCTS_DIR; };
		6002828C1FBD7655007F33B6 /* AppDelegate.h */ = {isa = PBXFileReference; lastKnownFileType = sourcecode.c.h; path = AppDelegate.h; sourceTree = "<group>"; };
		6002828D1FBD7655007F33B6 /* AppDelegate.m */ = {isa = PBXFileReference; lastKnownFileType = sourcecode.c.objc; path = AppDelegate.m; sourceTree = "<group>"; };
		6002828F1FBD7655007F33B6 /* ViewController.h */ = {isa = PBXFileReference; lastKnownFileType = sourcecode.c.h; path = ViewController.h; sourceTree = "<group>"; };
		600282901FBD7655007F33B6 /* ViewController.m */ = {isa = PBXFileReference; lastKnownFileType = sourcecode.c.objc; path = ViewController.m; sourceTree = "<group>"; };
		600282931FBD7655007F33B6 /* Base */ = {isa = PBXFileReference; lastKnownFileType = file.storyboard; name = Base; path = Base.lproj/Main.storyboard; sourceTree = "<group>"; };
		600282951FBD7655007F33B6 /* Assets.xcassets */ = {isa = PBXFileReference; lastKnownFileType = folder.assetcatalog; path = Assets.xcassets; sourceTree = "<group>"; };
		600282981FBD7655007F33B6 /* Base */ = {isa = PBXFileReference; lastKnownFileType = file.storyboard; name = Base; path = Base.lproj/LaunchScreen.storyboard; sourceTree = "<group>"; };
		6002829A1FBD7655007F33B6 /* Info.plist */ = {isa = PBXFileReference; lastKnownFileType = text.plist.xml; path = Info.plist; sourceTree = "<group>"; };
		6002829B1FBD7655007F33B6 /* main.m */ = {isa = PBXFileReference; lastKnownFileType = sourcecode.c.objc; path = main.m; sourceTree = "<group>"; };
		BDA3586208A515A89240F1AD /* Pods-DownloadImagesMultithreading.release.xcconfig */ = {isa = PBXFileReference; includeInIndex = 1; lastKnownFileType = text.xcconfig; name = "Pods-DownloadImagesMultithreading.release.xcconfig"; path = "Pods/Target Support Files/Pods-DownloadImagesMultithreading/Pods-DownloadImagesMultithreading.release.xcconfig"; sourceTree = "<group>"; };
		BEE76B92DCF4FEBC5A9281F5 /* libPods-DownloadImagesMultithreading.a */ = {isa = PBXFileReference; explicitFileType = archive.ar; includeInIndex = 0; path = "libPods-DownloadImagesMultithreading.a"; sourceTree = BUILT_PRODUCTS_DIR; };
/* End PBXFileReference section */

/* Begin PBXFrameworksBuildPhase section */
		600282861FBD7655007F33B6 /* Frameworks */ = {
			isa = PBXFrameworksBuildPhase;
			buildActionMask = 2147483647;
			files = (
				B4A0BA00F9E6C9EB7808C8B5 /* libPods-DownloadImagesMultithreading.a in Frameworks */,
			);
			runOnlyForDeploymentPostprocessing = 0;
		};
/* End PBXFrameworksBuildPhase section */

/* Begin PBXGroup section */
		600282801FBD7655007F33B6 = {
			isa = PBXGroup;
			children = (
				6002828B1FBD7655007F33B6 /* DownloadImagesMultithreading */,
				6002828A1FBD7655007F33B6 /* Products */,
				A07DD9B666B23A919D7E5717 /* Pods */,
				BEFAC2A4A09AAB022270778C /* Frameworks */,
			);
			sourceTree = "<group>";
		};
		6002828A1FBD7655007F33B6 /* Products */ = {
			isa = PBXGroup;
			children = (
				600282891FBD7655007F33B6 /* DownloadImagesMultithreading.app */,
			);
			name = Products;
			sourceTree = "<group>";
		};
		6002828B1FBD7655007F33B6 /* DownloadImagesMultithreading */ = {
			isa = PBXGroup;
			children = (
				6002828C1FBD7655007F33B6 /* AppDelegate.h */,
				6002828D1FBD7655007F33B6 /* AppDelegate.m */,
				6002828F1FBD7655007F33B6 /* ViewController.h */,
				600282901FBD7655007F33B6 /* ViewController.m */,
				600282921FBD7655007F33B6 /* Main.storyboard */,
				600282951FBD7655007F33B6 /* Assets.xcassets */,
				600282971FBD7655007F33B6 /* LaunchScreen.storyboard */,
				6002829A1FBD7655007F33B6 /* Info.plist */,
				6002829B1FBD7655007F33B6 /* main.m */,
			);
			path = DownloadImagesMultithreading;
			sourceTree = "<group>";
		};
		A07DD9B666B23A919D7E5717 /* Pods */ = {
			isa = PBXGroup;
			children = (
				35DDEB31221E93BB4D0BF28A /* Pods-DownloadImagesMultithreading.debug.xcconfig */,
				BDA3586208A515A89240F1AD /* Pods-DownloadImagesMultithreading.release.xcconfig */,
			);
			name = Pods;
			sourceTree = "<group>";
		};
		BEFAC2A4A09AAB022270778C /* Frameworks */ = {
			isa = PBXGroup;
			children = (
				BEE76B92DCF4FEBC5A9281F5 /* libPods-DownloadImagesMultithreading.a */,
			);
			name = Frameworks;
			sourceTree = "<group>";
		};
/* End PBXGroup section */

/* Begin PBXNativeTarget section */
		600282881FBD7655007F33B6 /* DownloadImagesMultithreading */ = {
			isa = PBXNativeTarget;
			buildConfigurationList = 6002829F1FBD7655007F33B6 /* Build configuration list for PBXNativeTarget "DownloadImagesMultithreading" */;
			buildPhases = (
				17B2CB1CA372B8513678ECA9 /* [CP] Check Pods Manifest.lock */,
				600282851FBD7655007F33B6 /* Sources */,
				600282861FBD7655007F33B6 /* Frameworks */,
				600282871FBD7655007F33B6 /* Resources */,
				66CE2052AE6680FDF98D60CF /* [CP] Embed Pods Frameworks */,
				3E628744FC6A7271F3BEB18D /* [CP] Copy Pods Resources */,
			);
			buildRules = (
			);
			dependencies = (
			);
			name = DownloadImagesMultithreading;
			productName = DownloadImagesMultithreading;
			productReference = 600282891FBD7655007F33B6 /* DownloadImagesMultithreading.app */;
			productType = "com.apple.product-type.application";
		};
/* End PBXNativeTarget section */

/* Begin PBXProject section */
		600282811FBD7655007F33B6 /* Project object */ = {
			isa = PBXProject;
			attributes = {
				LastUpgradeCheck = 0900;
				ORGANIZATIONNAME = XYStore;
				TargetAttributes = {
					600282881FBD7655007F33B6 = {
						CreatedOnToolsVersion = 9.0;
						ProvisioningStyle = Automatic;
					};
				};
			};
			buildConfigurationList = 600282841FBD7655007F33B6 /* Build configuration list for PBXProject "DownloadImagesMultithreading" */;
			compatibilityVersion = "Xcode 8.0";
			developmentRegion = en;
			hasScannedForEncodings = 0;
			knownRegions = (
				en,
				Base,
			);
			mainGroup = 600282801FBD7655007F33B6;
			productRefGroup = 6002828A1FBD7655007F33B6 /* Products */;
			projectDirPath = "";
			projectRoot = "";
			targets = (
				600282881FBD7655007F33B6 /* DownloadImagesMultithreading */,
			);
		};
/* End PBXProject section */

/* Begin PBXResourcesBuildPhase section */
		600282871FBD7655007F33B6 /* Resources */ = {
			isa = PBXResourcesBuildPhase;
			buildActionMask = 2147483647;
			files = (
				600282991FBD7655007F33B6 /* LaunchScreen.storyboard in Resources */,
				600282961FBD7655007F33B6 /* Assets.xcassets in Resources */,
				600282941FBD7655007F33B6 /* Main.storyboard in Resources */,
			);
			runOnlyForDeploymentPostprocessing = 0;
		};
/* End PBXResourcesBuildPhase section */

/* Begin PBXShellScriptBuildPhase section */
		17B2CB1CA372B8513678ECA9 /* [CP] Check Pods Manifest.lock */ = {
			isa = PBXShellScriptBuildPhase;
			buildActionMask = 2147483647;
			files = (
			);
			inputPaths = (
			);
			name = "[CP] Check Pods Manifest.lock";
			outputPaths = (
			);
			runOnlyForDeploymentPostprocessing = 0;
			shellPath = /bin/sh;
			shellScript = "diff \"${PODS_ROOT}/../Podfile.lock\" \"${PODS_ROOT}/Manifest.lock\" > /dev/null\nif [ $? != 0 ] ; then\n    # print error to STDERR\n    echo \"error: The sandbox is not in sync with the Podfile.lock. Run 'pod install' or update your CocoaPods installation.\" >&2\n    exit 1\nfi\n";
			showEnvVarsInLog = 0;
		};
		3E628744FC6A7271F3BEB18D /* [CP] Copy Pods Resources */ = {
			isa = PBXShellScriptBuildPhase;
			buildActionMask = 2147483647;
			files = (
			);
			inputPaths = (
			);
			name = "[CP] Copy Pods Resources";
			outputPaths = (
			);
			runOnlyForDeploymentPostprocessing = 0;
			shellPath = /bin/sh;
			shellScript = "\"${SRCROOT}/Pods/Target Support Files/Pods-DownloadImagesMultithreading/Pods-DownloadImagesMultithreading-resources.sh\"\n";
			showEnvVarsInLog = 0;
		};
		66CE2052AE6680FDF98D60CF /* [CP] Embed Pods Frameworks */ = {
			isa = PBXShellScriptBuildPhase;
			buildActionMask = 2147483647;
			files = (
			);
			inputPaths = (
			);
			name = "[CP] Embed Pods Frameworks";
			outputPaths = (
			);
			runOnlyForDeploymentPostprocessing = 0;
			shellPath = /bin/sh;
			shellScript = "\"${SRCROOT}/Pods/Target Support Files/Pods-DownloadImagesMultithreading/Pods-DownloadImagesMultithreading-frameworks.sh\"\n";
			showEnvVarsInLog = 0;
		};
/* End PBXShellScriptBuildPhase section */

/* Begin PBXSourcesBuildPhase section */
		600282851FBD7655007F33B6 /* Sources */ = {
			isa = PBXSourcesBuildPhase;
			buildActionMask = 2147483647;
			files = (
				600282911FBD7655007F33B6 /* ViewController.m in Sources */,
				6002829C1FBD7655007F33B6 /* main.m in Sources */,
				6002828E1FBD7655007F33B6 /* AppDelegate.m in Sources */,
			);
			runOnlyForDeploymentPostprocessing = 0;
		};
/* End PBXSourcesBuildPhase section */

/* Begin PBXVariantGroup section */
		600282921FBD7655007F33B6 /* Main.storyboard */ = {
			isa = PBXVariantGroup;
			children = (
				600282931FBD7655007F33B6 /* Base */,
			);
			name = Main.storyboard;
			sourceTree = "<group>";
		};
		600282971FBD7655007F33B6 /* LaunchScreen.storyboard */ = {
			isa = PBXVariantGroup;
			children = (
				600282981FBD7655007F33B6 /* Base */,
			);
			name = LaunchScreen.storyboard;
			sourceTree = "<group>";
		};
/* End PBXVariantGroup section */

/* Begin XCBuildConfiguration section */
		6002829D1FBD7655007F33B6 /* Debug */ = {
			isa = XCBuildConfiguration;
			buildSettings = {
				ALWAYS_SEARCH_USER_PATHS = NO;
				CLANG_ANALYZER_NONNULL = YES;
				CLANG_ANALYZER_NUMBER_OBJECT_CONVERSION = YES_AGGRESSIVE;
				CLANG_CXX_LANGUAGE_STANDARD = "gnu++14";
				CLANG_CXX_LIBRARY = "libc++";
				CLANG_ENABLE_MODULES = YES;
				CLANG_ENABLE_OBJC_ARC = YES;
				CLANG_WARN_BLOCK_CAPTURE_AUTORELEASING = YES;
				CLANG_WARN_BOOL_CONVERSION = YES;
				CLANG_WARN_COMMA = YES;
				CLANG_WARN_CONSTANT_CONVERSION = YES;
				CLANG_WARN_DIRECT_OBJC_ISA_USAGE = YES_ERROR;
				CLANG_WARN_DOCUMENTATION_COMMENTS = YES;
				CLANG_WARN_EMPTY_BODY = YES;
				CLANG_WARN_ENUM_CONVERSION = YES;
				CLANG_WARN_INFINITE_RECURSION = YES;
				CLANG_WARN_INT_CONVERSION = YES;
				CLANG_WARN_NON_LITERAL_NULL_CONVERSION = YES;
				CLANG_WARN_OBJC_LITERAL_CONVERSION = YES;
				CLANG_WARN_OBJC_ROOT_CLASS = YES_ERROR;
				CLANG_WARN_RANGE_LOOP_ANALYSIS = YES;
				CLANG_WARN_STRICT_PROTOTYPES = YES;
				CLANG_WARN_SUSPICIOUS_MOVE = YES;
				CLANG_WARN_UNGUARDED_AVAILABILITY = YES_AGGRESSIVE;
				CLANG_WARN_UNREACHABLE_CODE = YES;
				CLANG_WARN__DUPLICATE_METHOD_MATCH = YES;
				CODE_SIGN_IDENTITY = "iPhone Developer";
				COPY_PHASE_STRIP = NO;
				DEBUG_INFORMATION_FORMAT = dwarf;
				ENABLE_STRICT_OBJC_MSGSEND = YES;
				ENABLE_TESTABILITY = YES;
				GCC_C_LANGUAGE_STANDARD = gnu11;
				GCC_DYNAMIC_NO_PIC = NO;
				GCC_NO_COMMON_BLOCKS = YES;
				GCC_OPTIMIZATION_LEVEL = 0;
				GCC_PREPROCESSOR_DEFINITIONS = (
					"DEBUG=1",
					"$(inherited)",
				);
				GCC_WARN_64_TO_32_BIT_CONVERSION = YES;
				GCC_WARN_ABOUT_RETURN_TYPE = YES_ERROR;
				GCC_WARN_UNDECLARED_SELECTOR = YES;
				GCC_WARN_UNINITIALIZED_AUTOS = YES_AGGRESSIVE;
				GCC_WARN_UNUSED_FUNCTION = YES;
				GCC_WARN_UNUSED_VARIABLE = YES;
				IPHONEOS_DEPLOYMENT_TARGET = 11.0;
				MTL_ENABLE_DEBUG_INFO = YES;
				ONLY_ACTIVE_ARCH = YES;
				SDKROOT = iphoneos;
			};
			name = Debug;
		};
		6002829E1FBD7655007F33B6 /* Release */ = {
			isa = XCBuildConfiguration;
			buildSettings = {
				ALWAYS_SEARCH_USER_PATHS = NO;
				CLANG_ANALYZER_NONNULL = YES;
				CLANG_ANALYZER_NUMBER_OBJECT_CONVERSION = YES_AGGRESSIVE;
				CLANG_CXX_LANGUAGE_STANDARD = "gnu++14";
				CLANG_CXX_LIBRARY = "libc++";
				CLANG_ENABLE_MODULES = YES;
				CLANG_ENABLE_OBJC_ARC = YES;
				CLANG_WARN_BLOCK_CAPTURE_AUTORELEASING = YES;
				CLANG_WARN_BOOL_CONVERSION = YES;
				CLANG_WARN_COMMA = YES;
				CLANG_WARN_CONSTANT_CONVERSION = YES;
				CLANG_WARN_DIRECT_OBJC_ISA_USAGE = YES_ERROR;
				CLANG_WARN_DOCUMENTATION_COMMENTS = YES;
				CLANG_WARN_EMPTY_BODY = YES;
				CLANG_WARN_ENUM_CONVERSION = YES;
				CLANG_WARN_INFINITE_RECURSION = YES;
				CLANG_WARN_INT_CONVERSION = YES;
				CLANG_WARN_NON_LITERAL_NULL_CONVERSION = YES;
				CLANG_WARN_OBJC_LITERAL_CONVERSION = YES;
				CLANG_WARN_OBJC_ROOT_CLASS = YES_ERROR;
				CLANG_WARN_RANGE_LOOP_ANALYSIS = YES;
				CLANG_WARN_STRICT_PROTOTYPES = YES;
				CLANG_WARN_SUSPICIOUS_MOVE = YES;
				CLANG_WARN_UNGUARDED_AVAILABILITY = YES_AGGRESSIVE;
				CLANG_WARN_UNREACHABLE_CODE = YES;
				CLANG_WARN__DUPLICATE_METHOD_MATCH = YES;
				CODE_SIGN_IDENTITY = "iPhone Developer";
				COPY_PHASE_STRIP = NO;
				DEBUG_INFORMATION_FORMAT = "dwarf-with-dsym";
				ENABLE_NS_ASSERTIONS = NO;
				ENABLE_STRICT_OBJC_MSGSEND = YES;
				GCC_C_LANGUAGE_STANDARD = gnu11;
				GCC_NO_COMMON_BLOCKS = YES;
				GCC_WARN_64_TO_32_BIT_CONVERSION = YES;
				GCC_WARN_ABOUT_RETURN_TYPE = YES_ERROR;
				GCC_WARN_UNDECLARED_SELECTOR = YES;
				GCC_WARN_UNINITIALIZED_AUTOS = YES_AGGRESSIVE;
				GCC_WARN_UNUSED_FUNCTION = YES;
				GCC_WARN_UNUSED_VARIABLE = YES;
				IPHONEOS_DEPLOYMENT_TARGET = 11.0;
				MTL_ENABLE_DEBUG_INFO = NO;
				SDKROOT = iphoneos;
				VALIDATE_PRODUCT = YES;
			};
			name = Release;
		};
		600282A01FBD7655007F33B6 /* Debug */ = {
			isa = XCBuildConfiguration;
			baseConfigurationReference = 35DDEB31221E93BB4D0BF28A /* Pods-DownloadImagesMultithreading.debug.xcconfig */;
			buildSettings = {
				ASSETCATALOG_COMPILER_APPICON_NAME = AppIcon;
				CODE_SIGN_STYLE = Automatic;
				INFOPLIST_FILE = DownloadImagesMultithreading/Info.plist;
				LD_RUNPATH_SEARCH_PATHS = "$(inherited) @executable_path/Frameworks";
				PRODUCT_BUNDLE_IDENTIFIER = XYStore.DownloadImagesMultithreading;
				PRODUCT_NAME = "$(TARGET_NAME)";
				TARGETED_DEVICE_FAMILY = "1,2";
			};
			name = Debug;
		};
		600282A11FBD7655007F33B6 /* Release */ = {
			isa = XCBuildConfiguration;
			baseConfigurationReference = BDA3586208A515A89240F1AD /* Pods-DownloadImagesMultithreading.release.xcconfig */;
			buildSettings = {
				ASSETCATALOG_COMPILER_APPICON_NAME = AppIcon;
				CODE_SIGN_STYLE = Automatic;
				INFOPLIST_FILE = DownloadImagesMultithreading/Info.plist;
				LD_RUNPATH_SEARCH_PATHS = "$(inherited) @executable_path/Frameworks";
				PRODUCT_BUNDLE_IDENTIFIER = XYStore.DownloadImagesMultithreading;
				PRODUCT_NAME = "$(TARGET_NAME)";
				TARGETED_DEVICE_FAMILY = "1,2";
			};
			name = Release;
		};
/* End XCBuildConfiguration section */

/* Begin XCConfigurationList section */
		600282841FBD7655007F33B6 /* Build configuration list for PBXProject "DownloadImagesMultithreading" */ = {
			isa = XCConfigurationList;
			buildConfigurations = (
				6002829D1FBD7655007F33B6 /* Debug */,
				6002829E1FBD7655007F33B6 /* Release */,
			);
			defaultConfigurationIsVisible = 0;
			defaultConfigurationName = Release;
		};
		6002829F1FBD7655007F33B6 /* Build configuration list for PBXNativeTarget "DownloadImagesMultithreading" */ = {
			isa = XCConfigurationList;
			buildConfigurations = (
				600282A01FBD7655007F33B6 /* Debug */,
				600282A11FBD7655007F33B6 /* Release */,
			);
			defaultConfigurationIsVisible = 0;
			defaultConfigurationName = Release;
		};
/* End XCConfigurationList section */
	};
	rootObject = 600282811FBD7655007F33B6 /* Project object */;
}
